
Microsoft Visual Studio Solution File, Format Version 12.00
# Visual Studio Version 17
VisualStudioVersion = 17.11.35327.3
MinimumVisualStudioVersion = 10.0.40219.1
Project("{FAE04EC0-301F-11D3-BF4B-00C04F79EFBC}") = "PagesDemo", "PagesDemo\PagesDemo.csproj", "{67CB8F24-D460-4ABC-840B-3468257179EF}"
EndProject
Global
	GlobalSection(SolutionConfigurationPlatforms) = preSolution
		Debug|Any CPU = Debug|Any CPU
		Release|Any CPU = Release|Any CPU
	EndGlobalSection
	GlobalSection(ProjectConfigurationPlatforms) = postSolution
		{67CB8F24-D460-4ABC-840B-3468257179EF}.Debug|Any CPU.ActiveCfg = Debug|Any CPU
		{67CB8F24-D460-4ABC-840B-3468257179EF}.Debug|Any CPU.Build.0 = Debug|Any CPU
		{67CB8F24-D460-4ABC-840B-3468257179EF}.Debug|Any CPU.Deploy.0 = Debug|Any CPU
		{67CB8F24-D460-4ABC-840B-3468257179EF}.Release|Any CPU.ActiveCfg = Release|Any CPU
		{67CB8F24-D460-4ABC-840B-3468257179EF}.Release|Any CPU.Build.0 = Release|Any CPU
		{67CB8F24-D460-4ABC-840B-3468257179EF}.Release|Any CPU.Deploy.0 = Release|Any CPU
	EndGlobalSection
	GlobalSection(SolutionProperties) = preSolution
		HideSolutionNode = FALSE
	EndGlobalSection
	GlobalSection(ExtensibilityGlobals) = postSolution
		SolutionGuid = {10AEDF42-5F1D-474D-B0E9-35F201BD469C}
	EndGlobalSection
EndGlobal
